
Microsoft Visual Studio Solution File, Format Version 12.00
# Visual Studio Version 17
VisualStudioVersion = 17.7.34024.191
MinimumVisualStudioVersion = 10.0.40219.1
Project("{FAE04EC0-301F-11D3-BF4B-00C04F79EFBC}") = "mf-dev-backend-2023", "mf-dev-backend-2023\mf-dev-backend-2023.csproj", "{1FF446E1-03F0-4C67-941B-BC15F5012C04}"
EndProject
Global
	GlobalSection(SolutionConfigurationPlatforms) = preSolution
		Debug|Any CPU = Debug|Any CPU
		Release|Any CPU = Release|Any CPU
	EndGlobalSection
	GlobalSection(ProjectConfigurationPlatforms) = postSolution
		{1FF446E1-03F0-4C67-941B-BC15F5012C04}.Debug|Any CPU.ActiveCfg = Debug|Any CPU
		{1FF446E1-03F0-4C67-941B-BC15F5012C04}.Debug|Any CPU.Build.0 = Debug|Any CPU
		{1FF446E1-03F0-4C67-941B-BC15F5012C04}.Release|Any CPU.ActiveCfg = Release|Any CPU
		{1FF446E1-03F0-4C67-941B-BC15F5012C04}.Release|Any CPU.Build.0 = Release|Any CPU
	EndGlobalSection
	GlobalSection(SolutionProperties) = preSolution
		HideSolutionNode = FALSE
	EndGlobalSection
	GlobalSection(ExtensibilityGlobals) = postSolution
		SolutionGuid = {E2B0433F-42F8-4F2F-B90D-4DDD72DC1315}
	EndGlobalSection
EndGlobal
